
Microsoft Visual Studio Solution File, Format Version 12.00
Project("{FAE04EC0-301F-11D3-BF4B-00C04F79EFBC}") = "Exercise01", "Exercise01\Exercise01.csproj", "{6A6191B5-4769-4698-B08E-836410FF85BE}"
EndProject
Project("{FAE04EC0-301F-11D3-BF4B-00C04F79EFBC}") = "Exercise02", "Exercise02\Exercise02.csproj", "{A92433C4-9EE8-4E35-A3E9-649C14D1B02B}"
EndProject
Project("{FAE04EC0-301F-11D3-BF4B-00C04F79EFBC}") = "Exercise03", "Exercise03\Exercise03.csproj", "{9D8FD2B1-E5A5-414E-BF1D-7B4DD010CDD2}"
EndProject
Project("{FAE04EC0-301F-11D3-BF4B-00C04F79EFBC}") = "Exercise04", "Exercise04\Exercise04.csproj", "{5E40A913-7DEF-4300-A18C-8420E0D3637F}"
EndProject
Project("{FAE04EC0-301F-11D3-BF4B-00C04F79EFBC}") = "Exercise05", "Exercise05\Exercise05.csproj", "{950C311D-43E3-49AB-A23E-EFD91D0E9090}"
EndProject
Project("{FAE04EC0-301F-11D3-BF4B-00C04F79EFBC}") = "Exercise06", "Exercise06\Exercise06.csproj", "{7723238F-CE9E-4951-8209-97DE78C9D11A}"
EndProject
Global
	GlobalSection(SolutionConfigurationPlatforms) = preSolution
		Debug|Any CPU = Debug|Any CPU
		Release|Any CPU = Release|Any CPU
	EndGlobalSection
	GlobalSection(ProjectConfigurationPlatforms) = postSolution
		{6A6191B5-4769-4698-B08E-836410FF85BE}.Debug|Any CPU.ActiveCfg = Debug|Any CPU
		{6A6191B5-4769-4698-B08E-836410FF85BE}.Debug|Any CPU.Build.0 = Debug|Any CPU
		{6A6191B5-4769-4698-B08E-836410FF85BE}.Release|Any CPU.ActiveCfg = Release|Any CPU
		{6A6191B5-4769-4698-B08E-836410FF85BE}.Release|Any CPU.Build.0 = Release|Any CPU
		{A92433C4-9EE8-4E35-A3E9-649C14D1B02B}.Debug|Any CPU.ActiveCfg = Debug|Any CPU
		{A92433C4-9EE8-4E35-A3E9-649C14D1B02B}.Debug|Any CPU.Build.0 = Debug|Any CPU
		{A92433C4-9EE8-4E35-A3E9-649C14D1B02B}.Release|Any CPU.ActiveCfg = Release|Any CPU
		{A92433C4-9EE8-4E35-A3E9-649C14D1B02B}.Release|Any CPU.Build.0 = Release|Any CPU
		{9D8FD2B1-E5A5-414E-BF1D-7B4DD010CDD2}.Debug|Any CPU.ActiveCfg = Debug|Any CPU
		{9D8FD2B1-E5A5-414E-BF1D-7B4DD010CDD2}.Debug|Any CPU.Build.0 = Debug|Any CPU
		{9D8FD2B1-E5A5-414E-BF1D-7B4DD010CDD2}.Release|Any CPU.ActiveCfg = Release|Any CPU
		{9D8FD2B1-E5A5-414E-BF1D-7B4DD010CDD2}.Release|Any CPU.Build.0 = Release|Any CPU
		{5E40A913-7DEF-4300-A18C-8420E0D3637F}.Debug|Any CPU.ActiveCfg = Debug|Any CPU
		{5E40A913-7DEF-4300-A18C-8420E0D3637F}.Debug|Any CPU.Build.0 = Debug|Any CPU
		{5E40A913-7DEF-4300-A18C-8420E0D3637F}.Release|Any CPU.ActiveCfg = Release|Any CPU
		{5E40A913-7DEF-4300-A18C-8420E0D3637F}.Release|Any CPU.Build.0 = Release|Any CPU
		{950C311D-43E3-49AB-A23E-EFD91D0E9090}.Debug|Any CPU.ActiveCfg = Debug|Any CPU
		{950C311D-43E3-49AB-A23E-EFD91D0E9090}.Debug|Any CPU.Build.0 = Debug|Any CPU
		{950C311D-43E3-49AB-A23E-EFD91D0E9090}.Release|Any CPU.ActiveCfg = Release|Any CPU
		{950C311D-43E3-49AB-A23E-EFD91D0E9090}.Release|Any CPU.Build.0 = Release|Any CPU
		{7723238F-CE9E-4951-8209-97DE78C9D11A}.Debug|Any CPU.ActiveCfg = Debug|Any CPU
		{7723238F-CE9E-4951-8209-97DE78C9D11A}.Debug|Any CPU.Build.0 = Debug|Any CPU
		{7723238F-CE9E-4951-8209-97DE78C9D11A}.Release|Any CPU.ActiveCfg = Release|Any CPU
		{7723238F-CE9E-4951-8209-97DE78C9D11A}.Release|Any CPU.Build.0 = Release|Any CPU
	EndGlobalSection
EndGlobal
